
Microsoft Visual Studio Solution File, Format Version 12.00
# Visual Studio 14
VisualStudioVersion = 14.0.25420.1
MinimumVisualStudioVersion = 10.0.40219.1
Project("{FAE04EC0-301F-11D3-BF4B-00C04F79EFBC}") = "LifxNet", "LifxNet\LifxNet.csproj", "{9ECD8C00-1C8C-4ABB-B327-525D9E719C20}"
EndProject
Project("{2150E333-8FDC-42A3-9474-1A3956D46DE8}") = "SampleApps", "SampleApps", "{41199DCE-DF15-4BD2-B5A4-1836B3A5BF54}"
EndProject
Project("{2150E333-8FDC-42A3-9474-1A3956D46DE8}") = "Documents", "Documents", "{3D832297-7F3C-46E0-A5E2-3C295F8426CB}"
	ProjectSection(SolutionItems) = preProject
		..\LICENSE = ..\LICENSE
		..\README.md = ..\README.md
	EndProjectSection
EndProject
Project("{FAE04EC0-301F-11D3-BF4B-00C04F79EFBC}") = "SampleApp.netcore", "SampleApps\SampleApp.netcore\SampleApp.netcore.csproj", "{9165A342-4844-4655-8D1E-D607CD3AA2BD}"
EndProject
Project("{FAE04EC0-301F-11D3-BF4B-00C04F79EFBC}") = "SampleApp.Universal", "SampleApps\SampleApp.Universal\SampleApp.Universal.csproj", "{9072BB5D-AF63-4E60-98A6-86AE8CF898B1}"
EndProject
Project("{FAE04EC0-301F-11D3-BF4B-00C04F79EFBC}") = "LifxEmulator", "SampleApps\LifxEmulator\LifxEmulator.csproj", "{35655608-57DD-43AB-9D2E-81B329CC6473}"
EndProject
Project("{FAE04EC0-301F-11D3-BF4B-00C04F79EFBC}") = "ColorSendTest", "SampleApps\ColorSendTest\ColorSendTest.csproj", "{EBB918D2-1614-43A8-B7F9-AD4F1285C9A7}"
EndProject
Global
	GlobalSection(SolutionConfigurationPlatforms) = preSolution
		Debug|Any CPU = Debug|Any CPU
		Debug|ARM = Debug|ARM
		Debug|x64 = Debug|x64
		Debug|x86 = Debug|x86
		Release|Any CPU = Release|Any CPU
		Release|ARM = Release|ARM
		Release|x64 = Release|x64
		Release|x86 = Release|x86
	EndGlobalSection
	GlobalSection(ProjectConfigurationPlatforms) = postSolution
		{9ECD8C00-1C8C-4ABB-B327-525D9E719C20}.Debug|Any CPU.ActiveCfg = Debug|Any CPU
		{9ECD8C00-1C8C-4ABB-B327-525D9E719C20}.Debug|Any CPU.Build.0 = Debug|Any CPU
		{9ECD8C00-1C8C-4ABB-B327-525D9E719C20}.Debug|ARM.ActiveCfg = Debug|Any CPU
		{9ECD8C00-1C8C-4ABB-B327-525D9E719C20}.Debug|ARM.Build.0 = Debug|Any CPU
		{9ECD8C00-1C8C-4ABB-B327-525D9E719C20}.Debug|x64.ActiveCfg = Debug|Any CPU
		{9ECD8C00-1C8C-4ABB-B327-525D9E719C20}.Debug|x64.Build.0 = Debug|Any CPU
		{9ECD8C00-1C8C-4ABB-B327-525D9E719C20}.Debug|x86.ActiveCfg = Debug|Any CPU
		{9ECD8C00-1C8C-4ABB-B327-525D9E719C20}.Debug|x86.Build.0 = Debug|Any CPU
		{9ECD8C00-1C8C-4ABB-B327-525D9E719C20}.Release|Any CPU.ActiveCfg = Release|Any CPU
		{9ECD8C00-1C8C-4ABB-B327-525D9E719C20}.Release|Any CPU.Build.0 = Release|Any CPU
		{9ECD8C00-1C8C-4ABB-B327-525D9E719C20}.Release|ARM.ActiveCfg = Release|Any CPU
		{9ECD8C00-1C8C-4ABB-B327-525D9E719C20}.Release|ARM.Build.0 = Release|Any CPU
		{9ECD8C00-1C8C-4ABB-B327-525D9E719C20}.Release|x64.ActiveCfg = Release|Any CPU
		{9ECD8C00-1C8C-4ABB-B327-525D9E719C20}.Release|x64.Build.0 = Release|Any CPU
		{9ECD8C00-1C8C-4ABB-B327-525D9E719C20}.Release|x86.ActiveCfg = Release|Any CPU
		{9ECD8C00-1C8C-4ABB-B327-525D9E719C20}.Release|x86.Build.0 = Release|Any CPU
		{9165A342-4844-4655-8D1E-D607CD3AA2BD}.Debug|Any CPU.ActiveCfg = Debug|Any CPU
		{9165A342-4844-4655-8D1E-D607CD3AA2BD}.Debug|Any CPU.Build.0 = Debug|Any CPU
		{9165A342-4844-4655-8D1E-D607CD3AA2BD}.Debug|ARM.ActiveCfg = Debug|Any CPU
		{9165A342-4844-4655-8D1E-D607CD3AA2BD}.Debug|ARM.Build.0 = Debug|Any CPU
		{9165A342-4844-4655-8D1E-D607CD3AA2BD}.Debug|x64.ActiveCfg = Debug|Any CPU
		{9165A342-4844-4655-8D1E-D607CD3AA2BD}.Debug|x64.Build.0 = Debug|Any CPU
		{9165A342-4844-4655-8D1E-D607CD3AA2BD}.Debug|x86.ActiveCfg = Debug|Any CPU
		{9165A342-4844-4655-8D1E-D607CD3AA2BD}.Debug|x86.Build.0 = Debug|Any CPU
		{9165A342-4844-4655-8D1E-D607CD3AA2BD}.Release|Any CPU.ActiveCfg = Release|Any CPU
		{9165A342-4844-4655-8D1E-D607CD3AA2BD}.Release|Any CPU.Build.0 = Release|Any CPU
		{9165A342-4844-4655-8D1E-D607CD3AA2BD}.Release|ARM.ActiveCfg = Release|Any CPU
		{9165A342-4844-4655-8D1E-D607CD3AA2BD}.Release|ARM.Build.0 = Release|Any CPU
		{9165A342-4844-4655-8D1E-D607CD3AA2BD}.Release|x64.ActiveCfg = Release|Any CPU
		{9165A342-4844-4655-8D1E-D607CD3AA2BD}.Release|x64.Build.0 = Release|Any CPU
		{9165A342-4844-4655-8D1E-D607CD3AA2BD}.Release|x86.ActiveCfg = Release|Any CPU
		{9165A342-4844-4655-8D1E-D607CD3AA2BD}.Release|x86.Build.0 = Release|Any CPU
		{9072BB5D-AF63-4E60-98A6-86AE8CF898B1}.Debug|Any CPU.ActiveCfg = Debug|x86
		{9072BB5D-AF63-4E60-98A6-86AE8CF898B1}.Debug|Any CPU.Build.0 = Debug|x86
		{9072BB5D-AF63-4E60-98A6-86AE8CF898B1}.Debug|Any CPU.Deploy.0 = Debug|x86
		{9072BB5D-AF63-4E60-98A6-86AE8CF898B1}.Debug|ARM.ActiveCfg = Debug|ARM
		{9072BB5D-AF63-4E60-98A6-86AE8CF898B1}.Debug|ARM.Build.0 = Debug|ARM
		{9072BB5D-AF63-4E60-98A6-86AE8CF898B1}.Debug|ARM.Deploy.0 = Debug|ARM
		{9072BB5D-AF63-4E60-98A6-86AE8CF898B1}.Debug|x64.ActiveCfg = Debug|x64
		{9072BB5D-AF63-4E60-98A6-86AE8CF898B1}.Debug|x64.Build.0 = Debug|x64
		{9072BB5D-AF63-4E60-98A6-86AE8CF898B1}.Debug|x64.Deploy.0 = Debug|x64
		{9072BB5D-AF63-4E60-98A6-86AE8CF898B1}.Debug|x86.ActiveCfg = Debug|x86
		{9072BB5D-AF63-4E60-98A6-86AE8CF898B1}.Debug|x86.Build.0 = Debug|x86
		{9072BB5D-AF63-4E60-98A6-86AE8CF898B1}.Debug|x86.Deploy.0 = Debug|x86
		{9072BB5D-AF63-4E60-98A6-86AE8CF898B1}.Release|Any CPU.ActiveCfg = Release|x86
		{9072BB5D-AF63-4E60-98A6-86AE8CF898B1}.Release|ARM.ActiveCfg = Release|ARM
		{9072BB5D-AF63-4E60-98A6-86AE8CF898B1}.Release|ARM.Build.0 = Release|ARM
		{9072BB5D-AF63-4E60-98A6-86AE8CF898B1}.Release|ARM.Deploy.0 = Release|ARM
		{9072BB5D-AF63-4E60-98A6-86AE8CF898B1}.Release|x64.ActiveCfg = Release|x64
		{9072BB5D-AF63-4E60-98A6-86AE8CF898B1}.Release|x64.Build.0 = Release|x64
		{9072BB5D-AF63-4E60-98A6-86AE8CF898B1}.Release|x64.Deploy.0 = Release|x64
		{9072BB5D-AF63-4E60-98A6-86AE8CF898B1}.Release|x86.ActiveCfg = Release|x86
		{9072BB5D-AF63-4E60-98A6-86AE8CF898B1}.Release|x86.Build.0 = Release|x86
		{9072BB5D-AF63-4E60-98A6-86AE8CF898B1}.Release|x86.Deploy.0 = Release|x86
		{35655608-57DD-43AB-9D2E-81B329CC6473}.Debug|Any CPU.ActiveCfg = Debug|Any CPU
		{35655608-57DD-43AB-9D2E-81B329CC6473}.Debug|Any CPU.Build.0 = Debug|Any CPU
		{35655608-57DD-43AB-9D2E-81B329CC6473}.Debug|ARM.ActiveCfg = Debug|Any CPU
		{35655608-57DD-43AB-9D2E-81B329CC6473}.Debug|ARM.Build.0 = Debug|Any CPU
		{35655608-57DD-43AB-9D2E-81B329CC6473}.Debug|x64.ActiveCfg = Debug|Any CPU
		{35655608-57DD-43AB-9D2E-81B329CC6473}.Debug|x64.Build.0 = Debug|Any CPU
		{35655608-57DD-43AB-9D2E-81B329CC6473}.Debug|x86.ActiveCfg = Debug|Any CPU
		{35655608-57DD-43AB-9D2E-81B329CC6473}.Debug|x86.Build.0 = Debug|Any CPU
		{35655608-57DD-43AB-9D2E-81B329CC6473}.Release|Any CPU.ActiveCfg = Release|Any CPU
		{35655608-57DD-43AB-9D2E-81B329CC6473}.Release|Any CPU.Build.0 = Release|Any CPU
		{35655608-57DD-43AB-9D2E-81B329CC6473}.Release|ARM.ActiveCfg = Release|Any CPU
		{35655608-57DD-43AB-9D2E-81B329CC6473}.Release|ARM.Build.0 = Release|Any CPU
		{35655608-57DD-43AB-9D2E-81B329CC6473}.Release|x64.ActiveCfg = Release|Any CPU
		{35655608-57DD-43AB-9D2E-81B329CC6473}.Release|x64.Build.0 = Release|Any CPU
		{35655608-57DD-43AB-9D2E-81B329CC6473}.Release|x86.ActiveCfg = Release|Any CPU
		{35655608-57DD-43AB-9D2E-81B329CC6473}.Release|x86.Build.0 = Release|Any CPU
		{EBB918D2-1614-43A8-B7F9-AD4F1285C9A7}.Debug|Any CPU.ActiveCfg = Debug|Any CPU
		{EBB918D2-1614-43A8-B7F9-AD4F1285C9A7}.Debug|Any CPU.Build.0 = Debug|Any CPU
		{EBB918D2-1614-43A8-B7F9-AD4F1285C9A7}.Debug|ARM.ActiveCfg = Debug|Any CPU
		{EBB918D2-1614-43A8-B7F9-AD4F1285C9A7}.Debug|ARM.Build.0 = Debug|Any CPU
		{EBB918D2-1614-43A8-B7F9-AD4F1285C9A7}.Debug|x64.ActiveCfg = Debug|Any CPU
		{EBB918D2-1614-43A8-B7F9-AD4F1285C9A7}.Debug|x64.Build.0 = Debug|Any CPU
		{EBB918D2-1614-43A8-B7F9-AD4F1285C9A7}.Debug|x86.ActiveCfg = Debug|Any CPU
		{EBB918D2-1614-43A8-B7F9-AD4F1285C9A7}.Debug|x86.Build.0 = Debug|Any CPU
		{EBB918D2-1614-43A8-B7F9-AD4F1285C9A7}.Release|Any CPU.ActiveCfg = Release|Any CPU
		{EBB918D2-1614-43A8-B7F9-AD4F1285C9A7}.Release|Any CPU.Build.0 = Release|Any CPU
		{EBB918D2-1614-43A8-B7F9-AD4F1285C9A7}.Release|ARM.ActiveCfg = Release|Any CPU
		{EBB918D2-1614-43A8-B7F9-AD4F1285C9A7}.Release|ARM.Build.0 = Release|Any CPU
		{EBB918D2-1614-43A8-B7F9-AD4F1285C9A7}.Release|x64.ActiveCfg = Release|Any CPU
		{EBB918D2-1614-43A8-B7F9-AD4F1285C9A7}.Release|x64.Build.0 = Release|Any CPU
		{EBB918D2-1614-43A8-B7F9-AD4F1285C9A7}.Release|x86.ActiveCfg = Release|Any CPU
		{EBB918D2-1614-43A8-B7F9-AD4F1285C9A7}.Release|x86.Build.0 = Release|Any CPU
	EndGlobalSection
	GlobalSection(SolutionProperties) = preSolution
		HideSolutionNode = FALSE
	EndGlobalSection
	GlobalSection(NestedProjects) = preSolution
		{9165A342-4844-4655-8D1E-D607CD3AA2BD} = {41199DCE-DF15-4BD2-B5A4-1836B3A5BF54}
		{9072BB5D-AF63-4E60-98A6-86AE8CF898B1} = {41199DCE-DF15-4BD2-B5A4-1836B3A5BF54}
		{35655608-57DD-43AB-9D2E-81B329CC6473} = {41199DCE-DF15-4BD2-B5A4-1836B3A5BF54}
		{EBB918D2-1614-43A8-B7F9-AD4F1285C9A7} = {41199DCE-DF15-4BD2-B5A4-1836B3A5BF54}
	EndGlobalSection
EndGlobal
